{
  "nodes": {
    "nixpkgs": {
      "locked": {
        "lastModified": 1713537308,
        "narHash": "sha256-XtTSSIB2DA6tOv+l0FhvfDMiyCmhoRbNB+0SeInZkbk=",
        "owner": "NixOS",
        "repo": "nixpkgs",
        "rev": "5c24cf2f0a12ad855f444c30b2421d044120c66f",
        "type": "github"
      },
      "original": {
        "owner": "NixOS",
        "ref": "nixos-unstable",
        "repo": "nixpkgs",
        "type": "github"
      }
    },
    "root": {
      "inputs": {
        "nixpkgs": "nixpkgs",
        "solidpython2": "solidpython2"
      }
    },
    "solidpython2": {
      "inputs": {
        "nixpkgs": [
          "nixpkgs"
        ]
      },
      "locked": {
        "dir": "solidpython2",
        "lastModified": 1713688320,
        "narHash": "sha256-m12Sm7vCKNxps4x662F3i+0DoMYKt7K+HDStCWGiTJ0=",
        "owner": "jonboh",
        "repo": "nix-environments",
        "rev": "f3c2edda47683c71d8f409b82a34493195b6f427",
        "type": "github"
      },
      "original": {
        "dir": "solidpython2",
        "owner": "jonboh",
        "repo": "nix-environments",
        "type": "github"
      }
    }
  },
  "root": "root",
  "version": 7
}
